
Microsoft Visual Studio Solution File, Format Version 12.00
# Visual Studio Version 17
VisualStudioVersion = 17.4.33205.214
MinimumVisualStudioVersion = 10.0.40219.1
Project("{FAE04EC0-301F-11D3-BF4B-00C04F79EFBC}") = "FileHandlingServer", "FileHandlingServer\FileHandlingServer.csproj", "{80C128CF-8AB0-4593-A20A-724453DFA4EF}"
EndProject
Global
	GlobalSection(SolutionConfigurationPlatforms) = preSolution
		Debug|Any CPU = Debug|Any CPU
		Release|Any CPU = Release|Any CPU
	EndGlobalSection
	GlobalSection(ProjectConfigurationPlatforms) = postSolution
		{80C128CF-8AB0-4593-A20A-724453DFA4EF}.Debug|Any CPU.ActiveCfg = Debug|Any CPU
		{80C128CF-8AB0-4593-A20A-724453DFA4EF}.Debug|Any CPU.Build.0 = Debug|Any CPU
		{80C128CF-8AB0-4593-A20A-724453DFA4EF}.Release|Any CPU.ActiveCfg = Release|Any CPU
		{80C128CF-8AB0-4593-A20A-724453DFA4EF}.Release|Any CPU.Build.0 = Release|Any CPU
	EndGlobalSection
	GlobalSection(SolutionProperties) = preSolution
		HideSolutionNode = FALSE
	EndGlobalSection
	GlobalSection(ExtensibilityGlobals) = postSolution
		SolutionGuid = {6FE8314E-0FA4-40B1-8AB0-A3856C4BC4E3}
	EndGlobalSection
EndGlobal
